
Microsoft Visual Studio Solution File, Format Version 12.00
Project("{FAE04EC0-301F-11D3-BF4B-00C04F79EFBC}") = "Nesco.SignalRUserManagement.Core", "Nesco.SignalRUserManagement.Core\Nesco.SignalRUserManagement.Core.csproj", "{EF4A85EC-DEFD-40A6-921A-F361704EC47D}"
EndProject
Project("{FAE04EC0-301F-11D3-BF4B-00C04F79EFBC}") = "Nesco.SignalRCommunicator.Core", "Nesco.SignalRCommunicator.Core\Nesco.SignalRCommunicator.Core.csproj", "{754B7A2F-5488-4719-85EE-000A5F479CAE}"
EndProject
Project("{FAE04EC0-301F-11D3-BF4B-00C04F79EFBC}") = "Nesco.SignalRCommunicator.Client", "Nesco.SignalRCommunicator.Client\Nesco.SignalRCommunicator.Client.csproj", "{9926E03A-A750-4EB8-878F-2AEF6000742B}"
EndProject
Project("{FAE04EC0-301F-11D3-BF4B-00C04F79EFBC}") = "Nesco.SignalRCommunicator.Server", "Nesco.SignalRCommunicator.Server\Nesco.SignalRCommunicator.Server.csproj", "{EC46A1B9-098F-4323-87DE-72D494F25B78}"
EndProject
Project("{FAE04EC0-301F-11D3-BF4B-00C04F79EFBC}") = "Nesco.SignalRUserManagement.Client", "Nesco.SignalRUserManagement.Client\Nesco.SignalRUserManagement.Client.csproj", "{DD2B295D-6C41-418F-B98F-D86D1AF0DA5A}"
EndProject
Project("{FAE04EC0-301F-11D3-BF4B-00C04F79EFBC}") = "Nesco.SignalRUserManagement.Server", "Nesco.SignalRUserManagement.Server\Nesco.SignalRUserManagement.Server.csproj", "{4D4492A6-C4D5-4EB7-BC98-AFEA9E2A1092}"
EndProject
Project("{FAE04EC0-301F-11D3-BF4B-00C04F79EFBC}") = "Nesco.SignalRCommunicator.Client.Dashboard", "Nesco.SignalRCommunicator.Client.Dashboard\Nesco.SignalRCommunicator.Client.Dashboard.csproj", "{A8DEF5DC-52FD-49D2-AD4D-CF5FA0921BF8}"
EndProject
Project("{FAE04EC0-301F-11D3-BF4B-00C04F79EFBC}") = "UserManagementAndControl.Server", "UserManagementAndControl.Server\UserManagementAndControl.Server.csproj", "{7ED55A85-609E-49EF-9B14-E185609F6CAD}"
EndProject
Project("{FAE04EC0-301F-11D3-BF4B-00C04F79EFBC}") = "UserManagementAndControl.Client", "UserManagementAndControl.Client\UserManagementAndControl.Client.csproj", "{4C4E08E9-9011-43DA-B12A-4318E5982C24}"
EndProject
Project("{FAE04EC0-301F-11D3-BF4B-00C04F79EFBC}") = "UserManagementAndControl.ServerAsClient", "UserManagementAndControl.ServerAsClient\UserManagementAndControl.ServerAsClient.csproj", "{523F910F-0AB1-41F8-9BA3-47874FDB2FC0}"
EndProject
Project("{FAE04EC0-301F-11D3-BF4B-00C04F79EFBC}") = "UserManagementAndControl.MAUI", "UserManagementAndControl.MAUI\UserManagementAndControl.MAUI.csproj", "{CED637A0-5205-43C4-A87F-0C3D4EA04B79}"
EndProject
Project("{FAE04EC0-301F-11D3-BF4B-00C04F79EFBC}") = "Nesco.SignalRUserManagement.Server.Authorization", "Nesco.SignalRUserManagement.Server.Authorization\Nesco.SignalRUserManagement.Server.Authorization.csproj", "{4EA9238D-EA58-43E0-8002-8F5933D2839A}"
EndProject
Project("{FAE04EC0-301F-11D3-BF4B-00C04F79EFBC}") = "Nesco.SignalRUserManagement.Client.Authorization", "Nesco.SignalRUserManagement.Client.Authorization\Nesco.SignalRUserManagement.Client.Authorization.csproj", "{CDF1A835-3744-442A-9298-AF29215BB6EC}"
EndProject
Project("{FAE04EC0-301F-11D3-BF4B-00C04F79EFBC}") = "ChatApplication", "ChatApplication\ChatApplication.csproj", "{81B6FEF0-A057-4176-BE1B-DFAC87DB1940}"
EndProject
Project("{FAE04EC0-301F-11D3-BF4B-00C04F79EFBC}") = "ChatApplication.Server", "ChatApplication.Server\ChatApplication.Server.csproj", "{075F6D79-CDC6-4261-9D61-FCA437B7D0F8}"
EndProject
Project("{FAE04EC0-301F-11D3-BF4B-00C04F79EFBC}") = "ChatApplication.Wasm", "ChatApplication.Wasm\ChatApplication.Wasm.csproj", "{DABB5DB3-8AD4-465A-997E-00E09C7A8222}"
EndProject
Project("{FAE04EC0-301F-11D3-BF4B-00C04F79EFBC}") = "UserManagementAndControl.Client.Reflection", "UserManagementAndControl.Client.Reflection\UserManagementAndControl.Client.Reflection.csproj", "{3E950BB4-898E-4C3D-B275-D30DAC96A087}"
EndProject
Project("{FAE04EC0-301F-11D3-BF4B-00C04F79EFBC}") = "UserManagementAndControl.BlazorApp", "UserManagementAndControl.BlazorApp\UserManagementAndControl.BlazorApp\UserManagementAndControl.BlazorApp.csproj", "{A3CE0ECB-212D-4812-AD25-BE608AB13DED}"
EndProject
Project("{FAE04EC0-301F-11D3-BF4B-00C04F79EFBC}") = "UserManagementAndControl.BlazorApp.Client", "UserManagementAndControl.BlazorApp\UserManagementAndControl.BlazorApp.Client\UserManagementAndControl.BlazorApp.Client.csproj", "{CE22BAF1-6C27-405A-A3B4-996B1F00DB87}"
EndProject
Project("{FAE04EC0-301F-11D3-BF4B-00C04F79EFBC}") = "UserManagementAndControl.MudBlazorExample", "UserManagementAndControl.MudBlazor\UserManagementAndControl.MudBlazorExample\UserManagementAndControl.MudBlazorExample.csproj", "{382EAB30-9DF9-4932-92ED-EECBB77FAE3B}"
EndProject
Project("{FAE04EC0-301F-11D3-BF4B-00C04F79EFBC}") = "UserManagementAndControl.MudBlazorExample.Client", "UserManagementAndControl.MudBlazor\UserManagementAndControl.MudBlazorExample.Client\UserManagementAndControl.MudBlazorExample.Client.csproj", "{3C4718C5-CDAA-4F6F-9820-584E6026F9EB}"
EndProject
Project("{FAE04EC0-301F-11D3-BF4B-00C04F79EFBC}") = "Nesco.SignalRUserManagement.Client.Groups", "Nesco.SignalRUserManagement.Client.Groups\Nesco.SignalRUserManagement.Client.Groups.csproj", "{45F1C1AE-BA2D-40A0-ACB1-B14FFC62653E}"
EndProject
Project("{FAE04EC0-301F-11D3-BF4B-00C04F79EFBC}") = "Nesco.SignalRUserManagement.Server.Groups", "Nesco.SignalRUserManagement.Server.Groups\Nesco.SignalRUserManagement.Server.Groups.csproj", "{31BE2919-992D-4650-9140-FF3A75A5311B}"
EndProject
Global
	GlobalSection(SolutionConfigurationPlatforms) = preSolution
		Debug|Any CPU = Debug|Any CPU
		Release|Any CPU = Release|Any CPU
	EndGlobalSection
	GlobalSection(ProjectConfigurationPlatforms) = postSolution
		{EF4A85EC-DEFD-40A6-921A-F361704EC47D}.Debug|Any CPU.ActiveCfg = Debug|Any CPU
		{EF4A85EC-DEFD-40A6-921A-F361704EC47D}.Debug|Any CPU.Build.0 = Debug|Any CPU
		{EF4A85EC-DEFD-40A6-921A-F361704EC47D}.Release|Any CPU.ActiveCfg = Release|Any CPU
		{EF4A85EC-DEFD-40A6-921A-F361704EC47D}.Release|Any CPU.Build.0 = Release|Any CPU
		{754B7A2F-5488-4719-85EE-000A5F479CAE}.Debug|Any CPU.ActiveCfg = Debug|Any CPU
		{754B7A2F-5488-4719-85EE-000A5F479CAE}.Debug|Any CPU.Build.0 = Debug|Any CPU
		{754B7A2F-5488-4719-85EE-000A5F479CAE}.Release|Any CPU.ActiveCfg = Release|Any CPU
		{754B7A2F-5488-4719-85EE-000A5F479CAE}.Release|Any CPU.Build.0 = Release|Any CPU
		{9926E03A-A750-4EB8-878F-2AEF6000742B}.Debug|Any CPU.ActiveCfg = Debug|Any CPU
		{9926E03A-A750-4EB8-878F-2AEF6000742B}.Debug|Any CPU.Build.0 = Debug|Any CPU
		{9926E03A-A750-4EB8-878F-2AEF6000742B}.Release|Any CPU.ActiveCfg = Release|Any CPU
		{9926E03A-A750-4EB8-878F-2AEF6000742B}.Release|Any CPU.Build.0 = Release|Any CPU
		{EC46A1B9-098F-4323-87DE-72D494F25B78}.Debug|Any CPU.ActiveCfg = Debug|Any CPU
		{EC46A1B9-098F-4323-87DE-72D494F25B78}.Debug|Any CPU.Build.0 = Debug|Any CPU
		{EC46A1B9-098F-4323-87DE-72D494F25B78}.Release|Any CPU.ActiveCfg = Release|Any CPU
		{EC46A1B9-098F-4323-87DE-72D494F25B78}.Release|Any CPU.Build.0 = Release|Any CPU
		{DD2B295D-6C41-418F-B98F-D86D1AF0DA5A}.Debug|Any CPU.ActiveCfg = Debug|Any CPU
		{DD2B295D-6C41-418F-B98F-D86D1AF0DA5A}.Debug|Any CPU.Build.0 = Debug|Any CPU
		{DD2B295D-6C41-418F-B98F-D86D1AF0DA5A}.Release|Any CPU.ActiveCfg = Release|Any CPU
		{DD2B295D-6C41-418F-B98F-D86D1AF0DA5A}.Release|Any CPU.Build.0 = Release|Any CPU
		{4D4492A6-C4D5-4EB7-BC98-AFEA9E2A1092}.Debug|Any CPU.ActiveCfg = Debug|Any CPU
		{4D4492A6-C4D5-4EB7-BC98-AFEA9E2A1092}.Debug|Any CPU.Build.0 = Debug|Any CPU
		{4D4492A6-C4D5-4EB7-BC98-AFEA9E2A1092}.Release|Any CPU.ActiveCfg = Release|Any CPU
		{4D4492A6-C4D5-4EB7-BC98-AFEA9E2A1092}.Release|Any CPU.Build.0 = Release|Any CPU
		{A8DEF5DC-52FD-49D2-AD4D-CF5FA0921BF8}.Debug|Any CPU.ActiveCfg = Debug|Any CPU
		{A8DEF5DC-52FD-49D2-AD4D-CF5FA0921BF8}.Debug|Any CPU.Build.0 = Debug|Any CPU
		{A8DEF5DC-52FD-49D2-AD4D-CF5FA0921BF8}.Release|Any CPU.ActiveCfg = Release|Any CPU
		{A8DEF5DC-52FD-49D2-AD4D-CF5FA0921BF8}.Release|Any CPU.Build.0 = Release|Any CPU
		{7ED55A85-609E-49EF-9B14-E185609F6CAD}.Debug|Any CPU.ActiveCfg = Debug|Any CPU
		{7ED55A85-609E-49EF-9B14-E185609F6CAD}.Debug|Any CPU.Build.0 = Debug|Any CPU
		{7ED55A85-609E-49EF-9B14-E185609F6CAD}.Release|Any CPU.ActiveCfg = Release|Any CPU
		{7ED55A85-609E-49EF-9B14-E185609F6CAD}.Release|Any CPU.Build.0 = Release|Any CPU
		{4C4E08E9-9011-43DA-B12A-4318E5982C24}.Debug|Any CPU.ActiveCfg = Debug|Any CPU
		{4C4E08E9-9011-43DA-B12A-4318E5982C24}.Debug|Any CPU.Build.0 = Debug|Any CPU
		{4C4E08E9-9011-43DA-B12A-4318E5982C24}.Release|Any CPU.ActiveCfg = Release|Any CPU
		{4C4E08E9-9011-43DA-B12A-4318E5982C24}.Release|Any CPU.Build.0 = Release|Any CPU
		{523F910F-0AB1-41F8-9BA3-47874FDB2FC0}.Debug|Any CPU.ActiveCfg = Debug|Any CPU
		{523F910F-0AB1-41F8-9BA3-47874FDB2FC0}.Debug|Any CPU.Build.0 = Debug|Any CPU
		{523F910F-0AB1-41F8-9BA3-47874FDB2FC0}.Release|Any CPU.ActiveCfg = Release|Any CPU
		{523F910F-0AB1-41F8-9BA3-47874FDB2FC0}.Release|Any CPU.Build.0 = Release|Any CPU
		{CED637A0-5205-43C4-A87F-0C3D4EA04B79}.Debug|Any CPU.ActiveCfg = Debug|Any CPU
		{CED637A0-5205-43C4-A87F-0C3D4EA04B79}.Debug|Any CPU.Build.0 = Debug|Any CPU
		{CED637A0-5205-43C4-A87F-0C3D4EA04B79}.Release|Any CPU.ActiveCfg = Release|Any CPU
		{CED637A0-5205-43C4-A87F-0C3D4EA04B79}.Release|Any CPU.Build.0 = Release|Any CPU
		{4EA9238D-EA58-43E0-8002-8F5933D2839A}.Debug|Any CPU.ActiveCfg = Debug|Any CPU
		{4EA9238D-EA58-43E0-8002-8F5933D2839A}.Debug|Any CPU.Build.0 = Debug|Any CPU
		{4EA9238D-EA58-43E0-8002-8F5933D2839A}.Release|Any CPU.ActiveCfg = Release|Any CPU
		{4EA9238D-EA58-43E0-8002-8F5933D2839A}.Release|Any CPU.Build.0 = Release|Any CPU
		{CDF1A835-3744-442A-9298-AF29215BB6EC}.Debug|Any CPU.ActiveCfg = Debug|Any CPU
		{CDF1A835-3744-442A-9298-AF29215BB6EC}.Debug|Any CPU.Build.0 = Debug|Any CPU
		{CDF1A835-3744-442A-9298-AF29215BB6EC}.Release|Any CPU.ActiveCfg = Release|Any CPU
		{CDF1A835-3744-442A-9298-AF29215BB6EC}.Release|Any CPU.Build.0 = Release|Any CPU
		{81B6FEF0-A057-4176-BE1B-DFAC87DB1940}.Debug|Any CPU.ActiveCfg = Debug|Any CPU
		{81B6FEF0-A057-4176-BE1B-DFAC87DB1940}.Debug|Any CPU.Build.0 = Debug|Any CPU
		{81B6FEF0-A057-4176-BE1B-DFAC87DB1940}.Release|Any CPU.ActiveCfg = Release|Any CPU
		{81B6FEF0-A057-4176-BE1B-DFAC87DB1940}.Release|Any CPU.Build.0 = Release|Any CPU
		{075F6D79-CDC6-4261-9D61-FCA437B7D0F8}.Debug|Any CPU.ActiveCfg = Debug|Any CPU
		{075F6D79-CDC6-4261-9D61-FCA437B7D0F8}.Debug|Any CPU.Build.0 = Debug|Any CPU
		{075F6D79-CDC6-4261-9D61-FCA437B7D0F8}.Release|Any CPU.ActiveCfg = Release|Any CPU
		{075F6D79-CDC6-4261-9D61-FCA437B7D0F8}.Release|Any CPU.Build.0 = Release|Any CPU
		{DABB5DB3-8AD4-465A-997E-00E09C7A8222}.Debug|Any CPU.ActiveCfg = Debug|Any CPU
		{DABB5DB3-8AD4-465A-997E-00E09C7A8222}.Debug|Any CPU.Build.0 = Debug|Any CPU
		{DABB5DB3-8AD4-465A-997E-00E09C7A8222}.Release|Any CPU.ActiveCfg = Release|Any CPU
		{DABB5DB3-8AD4-465A-997E-00E09C7A8222}.Release|Any CPU.Build.0 = Release|Any CPU
		{3E950BB4-898E-4C3D-B275-D30DAC96A087}.Debug|Any CPU.ActiveCfg = Debug|Any CPU
		{3E950BB4-898E-4C3D-B275-D30DAC96A087}.Debug|Any CPU.Build.0 = Debug|Any CPU
		{3E950BB4-898E-4C3D-B275-D30DAC96A087}.Release|Any CPU.ActiveCfg = Release|Any CPU
		{3E950BB4-898E-4C3D-B275-D30DAC96A087}.Release|Any CPU.Build.0 = Release|Any CPU
		{A3CE0ECB-212D-4812-AD25-BE608AB13DED}.Debug|Any CPU.ActiveCfg = Debug|Any CPU
		{A3CE0ECB-212D-4812-AD25-BE608AB13DED}.Debug|Any CPU.Build.0 = Debug|Any CPU
		{A3CE0ECB-212D-4812-AD25-BE608AB13DED}.Release|Any CPU.ActiveCfg = Release|Any CPU
		{A3CE0ECB-212D-4812-AD25-BE608AB13DED}.Release|Any CPU.Build.0 = Release|Any CPU
		{CE22BAF1-6C27-405A-A3B4-996B1F00DB87}.Debug|Any CPU.ActiveCfg = Debug|Any CPU
		{CE22BAF1-6C27-405A-A3B4-996B1F00DB87}.Debug|Any CPU.Build.0 = Debug|Any CPU
		{CE22BAF1-6C27-405A-A3B4-996B1F00DB87}.Release|Any CPU.ActiveCfg = Release|Any CPU
		{CE22BAF1-6C27-405A-A3B4-996B1F00DB87}.Release|Any CPU.Build.0 = Release|Any CPU
		{382EAB30-9DF9-4932-92ED-EECBB77FAE3B}.Debug|Any CPU.ActiveCfg = Debug|Any CPU
		{382EAB30-9DF9-4932-92ED-EECBB77FAE3B}.Debug|Any CPU.Build.0 = Debug|Any CPU
		{382EAB30-9DF9-4932-92ED-EECBB77FAE3B}.Release|Any CPU.ActiveCfg = Release|Any CPU
		{382EAB30-9DF9-4932-92ED-EECBB77FAE3B}.Release|Any CPU.Build.0 = Release|Any CPU
		{3C4718C5-CDAA-4F6F-9820-584E6026F9EB}.Debug|Any CPU.ActiveCfg = Debug|Any CPU
		{3C4718C5-CDAA-4F6F-9820-584E6026F9EB}.Debug|Any CPU.Build.0 = Debug|Any CPU
		{3C4718C5-CDAA-4F6F-9820-584E6026F9EB}.Release|Any CPU.ActiveCfg = Release|Any CPU
		{3C4718C5-CDAA-4F6F-9820-584E6026F9EB}.Release|Any CPU.Build.0 = Release|Any CPU
		{45F1C1AE-BA2D-40A0-ACB1-B14FFC62653E}.Debug|Any CPU.ActiveCfg = Debug|Any CPU
		{45F1C1AE-BA2D-40A0-ACB1-B14FFC62653E}.Debug|Any CPU.Build.0 = Debug|Any CPU
		{45F1C1AE-BA2D-40A0-ACB1-B14FFC62653E}.Release|Any CPU.ActiveCfg = Release|Any CPU
		{45F1C1AE-BA2D-40A0-ACB1-B14FFC62653E}.Release|Any CPU.Build.0 = Release|Any CPU
		{31BE2919-992D-4650-9140-FF3A75A5311B}.Debug|Any CPU.ActiveCfg = Debug|Any CPU
		{31BE2919-992D-4650-9140-FF3A75A5311B}.Debug|Any CPU.Build.0 = Debug|Any CPU
		{31BE2919-992D-4650-9140-FF3A75A5311B}.Release|Any CPU.ActiveCfg = Release|Any CPU
		{31BE2919-992D-4650-9140-FF3A75A5311B}.Release|Any CPU.Build.0 = Release|Any CPU
	EndGlobalSection
EndGlobal
